<?xml version="1.0" encoding="utf-8"?>
<Project ToolsVersion="4.0" xmlns="http://schemas.microsoft.com/developer/msbuild/2003">
  <ItemGroup>
    <Filter Include="Source Files">
      <UniqueIdentifier>{4FC737F1-C7A5-4376-A066-2A32D752A2FF}</UniqueIdentifier>
      <Extensions>cpp;c;cc;cxx;c++;cppm;ixx;def;odl;idl;hpj;bat;asm;asmx</Extensions>
    </Filter>
    <Filter Include="Header Files">
      <UniqueIdentifier>{93995380-89BD-4b04-88EB-625FBE52EBFB}</UniqueIdentifier>
      <Extensions>h;hh;hpp;hxx;h++;hm;inl;inc;ipp;xsd</Extensions>
    </Filter>
    <Filter Include="Resource Files">
      <UniqueIdentifier>{67DA6AB6-F800-4c08-8B7A-83BB121AAD01}</UniqueIdentifier>
      <Extensions>rc;ico;cur;bmp;dlg;rc2;rct;bin;rgs;gif;jpg;jpeg;jpe;resx;tiff;tif;png;wav;mfcribbon-ms</Extensions>
    </Filter>
  </ItemGroup>
  <ItemGroup>
    <ClCompile Include="Bike_showroom.cpp">
      <Filter>Source Files</Filter>
    </ClCompile>
    <ClCompile Include="User.cpp">
      <Filter>Source Files</Filter>
    </ClCompile>
    <ClCompile Include="ControlUser.cpp">
      <Filter>Source Files</Filter>
    </ClCompile>
    <ClCompile Include="Bike.cpp">
      <Filter>Source Files</Filter>
    </ClCompile>
    <ClCompile Include="ControlBike.cpp">
      <Filter>Source Files</Filter>
    </ClCompile>
    <ClCompile Include="Insurance.cpp">
      <Filter>Source Files</Filter>
    </ClCompile>
    <ClCompile Include="ControlInsurance.cpp">
      <Filter>Source Files</Filter>
    </ClCompile>
    <ClCompile Include="Payment.cpp">
      <Filter>Source Files</Filter>
    </ClCompile>
    <ClCompile Include="ControlPayment.cpp">
      <Filter>Source Files</Filter>
    </ClCompile>
    <ClCompile Include="Booking.cpp">
      <Filter>Source Files</Filter>
    </ClCompile>
    <ClCompile Include="ControlBooking.cpp">
      <Filter>Source Files</Filter>
    </ClCompile>
    <ClCompile Include="Customer.cpp">
      <Filter>Source Files</Filter>
    </ClCompile>
    <ClCompile Include="ControlCustomer.cpp">
      <Filter>Source Files</Filter>
    </ClCompile>
    <ClCompile Include="Permission.cpp">
      <Filter>Source Files</Filter>
    </ClCompile>
    <ClCompile Include="ControlPermission.cpp">
      <Filter>Source Files</Filter>
    </ClCompile>
    <ClCompile Include="Role.cpp">
      <Filter>Source Files</Filter>
    </ClCompile>
    <ClCompile Include="ControlRole.cpp">
      <Filter>Source Files</Filter>
    </ClCompile>
    <ClCompile Include="ViewUser.cpp">
      <Filter>Source Files</Filter>
    </ClCompile>
    <ClCompile Include="Order.cpp">
      <Filter>Source Files</Filter>
    </ClCompile>
    <ClCompile Include="ControlOrder.cpp">
      <Filter>Source Files</Filter>
    </ClCompile>
    <ClCompile Include="OrderDetails.cpp">
      <Filter>Source Files</Filter>
    </ClCompile>
  </ItemGroup>
  <ItemGroup>
    <ClInclude Include="User.h">
      <Filter>Header Files</Filter>
    </ClInclude>
    <ClInclude Include="ControlUser.h">
      <Filter>Header Files</Filter>
    </ClInclude>
    <ClInclude Include="Bike.h">
      <Filter>Header Files</Filter>
    </ClInclude>
    <ClInclude Include="ControlBike.h">
      <Filter>Header Files</Filter>
    </ClInclude>
    <ClInclude Include="Insurance.h">
      <Filter>Header Files</Filter>
    </ClInclude>
    <ClInclude Include="ControlInsurance.h">
      <Filter>Header Files</Filter>
    </ClInclude>
    <ClInclude Include="Payment.h">
      <Filter>Header Files</Filter>
    </ClInclude>
    <ClInclude Include="ControlPayment.h">
      <Filter>Header Files</Filter>
    </ClInclude>
    <ClInclude Include="Booking.h">
      <Filter>Header Files</Filter>
    </ClInclude>
    <ClInclude Include="ControlBooking.h">
      <Filter>Header Files</Filter>
    </ClInclude>
    <ClInclude Include="Customer.h">
      <Filter>Header Files</Filter>
    </ClInclude>
    <ClInclude Include="ControlCustomer.h">
      <Filter>Header Files</Filter>
    </ClInclude>
    <ClInclude Include="Permission.h">
      <Filter>Header Files</Filter>
    </ClInclude>
    <ClInclude Include="ControlPermission.h">
      <Filter>Header Files</Filter>
    </ClInclude>
    <ClInclude Include="Role.h">
      <Filter>Header Files</Filter>
    </ClInclude>
    <ClInclude Include="ControlRole.h">
      <Filter>Header Files</Filter>
    </ClInclude>
    <ClInclude Include="ViewUser.h">
      <Filter>Header Files</Filter>
    </ClInclude>
    <ClInclude Include="Order.h">
      <Filter>Header Files</Filter>
    </ClInclude>
    <ClInclude Include="ControlOrder.h">
      <Filter>Header Files</Filter>
    </ClInclude>
    <ClInclude Include="OrderDetails.h">
      <Filter>Header Files</Filter>
    </ClInclude>
  </ItemGroup>
  <ItemGroup>
    <Text Include="User.txt">
      <Filter>Resource Files</Filter>
    </Text>
    <Text Include="Bike.txt">
      <Filter>Resource Files</Filter>
    </Text>
    <Text Include="Insurance.txt">
      <Filter>Resource Files</Filter>
    </Text>
    <Text Include="Payment.txt">
      <Filter>Resource Files</Filter>
    </Text>
    <Text Include="Booking.txt">
      <Filter>Resource Files</Filter>
    </Text>
    <Text Include="Customer.txt">
      <Filter>Resource Files</Filter>
    </Text>
    <Text Include="Permission.txt">
      <Filter>Resource Files</Filter>
    </Text>
    <Text Include="Role.txt">
      <Filter>Resource Files</Filter>
    </Text>
    <Text Include="Order.txt">
      <Filter>Resource Files</Filter>
    </Text>
  </ItemGroup>
</Project>